{
  "requires": true,
  "lockfileVersion": 1,
  "dependencies": {
    "@choojs/findup": {
      "version": "0.2.1",
      "resolved": "https://registry.npmjs.org/@choojs/findup/-/findup-0.2.1.tgz",
      "integrity": "sha512-YstAqNb0MCN8PjdLCDfRsBcGVRN41f3vgLvaI0IrIcBp4AqILRSS0DeWNGkicC+f/zRIPJLc+9RURVSepwvfBw==",
      "dev": true,
      "requires": {
        "commander": "^2.15.1"
      }
    },
    "@types/webgl2": {
      "version": "0.0.4",
      "resolved": "https://registry.npmjs.org/@types/webgl2/-/webgl2-0.0.4.tgz",
      "integrity": "sha512-PACt1xdErJbMUOUweSrbVM7gSIYm1vTncW2hF6Os/EeWi6TXYAYMPp+8v6rzHmypE5gHrxaxZNXgMkJVIdZpHw=="
    },
    "color-convert": {
      "version": "0.5.3",
      "resolved": "https://registry.npmjs.org/color-convert/-/color-convert-0.5.3.tgz",
      "integrity": "sha1-vbbGnOZg+t/+CwAHzER+G59ygr0="
    },
    "commander": {
      "version": "2.19.0",
      "resolved": "https://registry.npmjs.org/commander/-/commander-2.19.0.tgz",
      "integrity": "sha512-6tvAOO+D6OENvRAh524Dh9jcfKTYDQAqvqezbCW82xj5X0pSrcpxtvRKHLG0yBY6SD7PSDrJaj+0AiOcKVd1Xg==",
      "dev": true
    },
    "core-util-is": {
      "version": "1.0.2",
      "resolved": "https://registry.npmjs.org/core-util-is/-/core-util-is-1.0.2.tgz",
      "integrity": "sha1-tf1UIgqivFq1eqtxQMlAdUUDwac=",
      "dev": true
    },
    "events": {
      "version": "1.1.1",
      "resolved": "http://registry.npmjs.org/events/-/events-1.1.1.tgz",
      "integrity": "sha1-nr23Y1rQmccNzEwqH1AEKI6L2SQ=",
      "dev": true
    },
    "glsl-inject-defines": {
      "version": "1.0.3",
      "resolved": "https://registry.npmjs.org/glsl-inject-defines/-/glsl-inject-defines-1.0.3.tgz",
      "integrity": "sha1-3RqswsF/yyvT/DJBHGYz0Ne2D9Q=",
      "dev": true,
      "requires": {
        "glsl-token-inject-block": "^1.0.0",
        "glsl-token-string": "^1.0.1",
        "glsl-tokenizer": "^2.0.2"
      }
    },
    "glsl-resolve": {
      "version": "0.0.1",
      "resolved": "https://registry.npmjs.org/glsl-resolve/-/glsl-resolve-0.0.1.tgz",
      "integrity": "sha1-iUvvc5ENeSyBtRQxgANdCnivdtM=",
      "dev": true,
      "requires": {
        "resolve": "^0.6.1",
        "xtend": "^2.1.2"
      },
      "dependencies": {
        "resolve": {
          "version": "0.6.3",
          "resolved": "https://registry.npmjs.org/resolve/-/resolve-0.6.3.tgz",
          "integrity": "sha1-3ZV5gufnNt699TtYpN2RdUV13UY=",
          "dev": true
        }
      }
    },
    "glsl-token-assignments": {
      "version": "2.0.2",
      "resolved": "http://registry.npmjs.org/glsl-token-assignments/-/glsl-token-assignments-2.0.2.tgz",
      "integrity": "sha1-pdgqt4SZwuimuDy2lJXm5mXOAZ8=",
      "dev": true
    },
    "glsl-token-defines": {
      "version": "1.0.0",
      "resolved": "http://registry.npmjs.org/glsl-token-defines/-/glsl-token-defines-1.0.0.tgz",
      "integrity": "sha1-y4kqqVmTYjFyhHDU90AySJaX+p0=",
      "dev": true,
      "requires": {
        "glsl-tokenizer": "^2.0.0"
      }
    },
    "glsl-token-depth": {
      "version": "1.1.2",
      "resolved": "http://registry.npmjs.org/glsl-token-depth/-/glsl-token-depth-1.1.2.tgz",
      "integrity": "sha1-I8XjDuK9JViEtKKLyFC495HpXYQ=",
      "dev": true
    },
    "glsl-token-descope": {
      "version": "1.0.2",
      "resolved": "http://registry.npmjs.org/glsl-token-descope/-/glsl-token-descope-1.0.2.tgz",
      "integrity": "sha1-D8kKsyYYa4L1l7LnfcniHvzTIHY=",
      "dev": true,
      "requires": {
        "glsl-token-assignments": "^2.0.0",
        "glsl-token-depth": "^1.1.0",
        "glsl-token-properties": "^1.0.0",
        "glsl-token-scope": "^1.1.0"
      }
    },
    "glsl-token-inject-block": {
      "version": "1.1.0",
      "resolved": "https://registry.npmjs.org/glsl-token-inject-block/-/glsl-token-inject-block-1.1.0.tgz",
      "integrity": "sha1-4QFfWYDBCRgkraomJfHf3ovQADQ=",
      "dev": true
    },
    "glsl-token-properties": {
      "version": "1.0.1",
      "resolved": "http://registry.npmjs.org/glsl-token-properties/-/glsl-token-properties-1.0.1.tgz",
      "integrity": "sha1-SD3D2Dnw1LXGFx0VkfJJvlPCip4=",
      "dev": true
    },
    "glsl-token-scope": {
      "version": "1.1.2",
      "resolved": "http://registry.npmjs.org/glsl-token-scope/-/glsl-token-scope-1.1.2.tgz",
      "integrity": "sha1-oXKOeN8kRE+cuT/RjvD3VQOmQ7E=",
      "dev": true
    },
    "glsl-token-string": {
      "version": "1.0.1",
      "resolved": "http://registry.npmjs.org/glsl-token-string/-/glsl-token-string-1.0.1.tgz",
      "integrity": "sha1-WUQdL4V958NEnJRWZgIezjWOSOw=",
      "dev": true
    },
    "glsl-token-whitespace-trim": {
      "version": "1.0.0",
      "resolved": "http://registry.npmjs.org/glsl-token-whitespace-trim/-/glsl-token-whitespace-trim-1.0.0.tgz",
      "integrity": "sha1-RtHf6Yx1vX1QTAXX0RsbPpzJOxA=",
      "dev": true
    },
    "glsl-tokenizer": {
      "version": "2.1.5",
      "resolved": "https://registry.npmjs.org/glsl-tokenizer/-/glsl-tokenizer-2.1.5.tgz",
      "integrity": "sha512-XSZEJ/i4dmz3Pmbnpsy3cKh7cotvFlBiZnDOwnj/05EwNp2XrhQ4XKJxT7/pDt4kp4YcpRSKz8eTV7S+mwV6MA==",
      "dev": true,
      "requires": {
        "through2": "^0.6.3"
      }
    },
    "glslify-bundle": {
      "version": "5.1.1",
      "resolved": "https://registry.npmjs.org/glslify-bundle/-/glslify-bundle-5.1.1.tgz",
      "integrity": "sha512-plaAOQPv62M1r3OsWf2UbjN0hUYAB7Aph5bfH58VxJZJhloRNbxOL9tl/7H71K7OLJoSJ2ZqWOKk3ttQ6wy24A==",
      "dev": true,
      "requires": {
        "glsl-inject-defines": "^1.0.1",
        "glsl-token-defines": "^1.0.0",
        "glsl-token-depth": "^1.1.1",
        "glsl-token-descope": "^1.0.2",
        "glsl-token-scope": "^1.1.1",
        "glsl-token-string": "^1.0.1",
        "glsl-token-whitespace-trim": "^1.0.0",
        "glsl-tokenizer": "^2.0.2",
        "murmurhash-js": "^1.0.0",
        "shallow-copy": "0.0.1"
      }
    },
    "glslify-deps": {
      "version": "1.3.1",
      "resolved": "https://registry.npmjs.org/glslify-deps/-/glslify-deps-1.3.1.tgz",
      "integrity": "sha512-Ogm179MCazwIRyEqs3g3EOY4Y3XIAa0yl8J5RE9rJC6QH1w8weVOp2RZu0mvnYy/2xIas1w166YR2eZdDkWQxg==",
      "dev": true,
      "requires": {
        "@choojs/findup": "^0.2.0",
        "events": "^1.0.2",
        "glsl-resolve": "0.0.1",
        "glsl-tokenizer": "^2.0.0",
        "graceful-fs": "^4.1.2",
        "inherits": "^2.0.1",
        "map-limit": "0.0.1",
        "resolve": "^1.0.0"
      }
    },
    "graceful-fs": {
      "version": "4.1.15",
      "resolved": "https://registry.npmjs.org/graceful-fs/-/graceful-fs-4.1.15.tgz",
      "integrity": "sha512-6uHUhOPEBgQ24HM+r6b/QwWfZq+yiFcipKFrOFiBEnWdy5sdzYoi+pJeQaPI5qOLRFqWmAXUPQNsielzdLoecA==",
      "dev": true
    },
    "inherits": {
      "version": "2.0.3",
      "resolved": "https://registry.npmjs.org/inherits/-/inherits-2.0.3.tgz",
      "integrity": "sha1-Yzwsg+PaQqUC9SRmAiSA9CCCYd4=",
      "dev": true
    },
    "isarray": {
      "version": "0.0.1",
      "resolved": "https://registry.npmjs.org/isarray/-/isarray-0.0.1.tgz",
      "integrity": "sha1-ihis/Kmo9Bd+Cav8YDiTmwXR7t8=",
      "dev": true
    },
    "map-limit": {
      "version": "0.0.1",
      "resolved": "https://registry.npmjs.org/map-limit/-/map-limit-0.0.1.tgz",
      "integrity": "sha1-63lhAxwPDo0AG/LVb6toXViCLzg=",
      "dev": true,
      "requires": {
        "once": "~1.3.0"
      }
    },
    "murmurhash-js": {
      "version": "1.0.0",
      "resolved": "https://registry.npmjs.org/murmurhash-js/-/murmurhash-js-1.0.0.tgz",
      "integrity": "sha1-sGJ44h/Gw3+lMTcysEEry2rhX1E=",
      "dev": true
    },
    "once": {
      "version": "1.3.3",
      "resolved": "https://registry.npmjs.org/once/-/once-1.3.3.tgz",
      "integrity": "sha1-suJhVXzkwxTsgwTz+oJmPkKXyiA=",
      "dev": true,
      "requires": {
        "wrappy": "1"
      }
    },
    "parse-color": {
      "version": "1.0.0",
      "resolved": "https://registry.npmjs.org/parse-color/-/parse-color-1.0.0.tgz",
      "integrity": "sha1-e3SLlag/A/FqlPU15S1/PZRlhhk=",
      "requires": {
        "color-convert": "~0.5.0"
      }
    },
    "path-parse": {
      "version": "1.0.6",
      "resolved": "https://registry.npmjs.org/path-parse/-/path-parse-1.0.6.tgz",
      "integrity": "sha512-GSmOT2EbHrINBf9SR7CDELwlJ8AENk3Qn7OikK4nFYAu3Ote2+JYNVvkpAEQm3/TLNEJFD/xZJjzyxg3KBWOzw==",
      "dev": true
    },
    "readable-stream": {
      "version": "1.0.34",
      "resolved": "http://registry.npmjs.org/readable-stream/-/readable-stream-1.0.34.tgz",
      "integrity": "sha1-Elgg40vIQtLyqq+v5MKRbuMsFXw=",
      "dev": true,
      "requires": {
        "core-util-is": "~1.0.0",
        "inherits": "~2.0.1",
        "isarray": "0.0.1",
        "string_decoder": "~0.10.x"
      }
    },
    "resolve": {
      "version": "1.8.1",
      "resolved": "https://registry.npmjs.org/resolve/-/resolve-1.8.1.tgz",
      "integrity": "sha512-AicPrAC7Qu1JxPCZ9ZgCZlY35QgFnNqc+0LtbRNxnVw4TXvjQ72wnuL9JQcEBgXkI9JM8MsT9kaQoHcpCRJOYA==",
      "dev": true,
      "requires": {
        "path-parse": "^1.0.5"
      }
    },
    "shallow-copy": {
      "version": "0.0.1",
      "resolved": "https://registry.npmjs.org/shallow-copy/-/shallow-copy-0.0.1.tgz",
      "integrity": "sha1-QV9CcC1z2BAzApLMXuhurhoRoXA=",
      "dev": true
    },
    "string_decoder": {
      "version": "0.10.31",
      "resolved": "https://registry.npmjs.org/string_decoder/-/string_decoder-0.10.31.tgz",
      "integrity": "sha1-YuIDvEF2bGwoyfyEMB2rHFMQ+pQ=",
      "dev": true
    },
    "svgpath": {
      "version": "2.2.1",
      "resolved": "https://registry.npmjs.org/svgpath/-/svgpath-2.2.1.tgz",
      "integrity": "sha1-CDS7Z8iadkcrK9BswQH6e1F7Iiw="
    },
    "through2": {
      "version": "0.6.5",
      "resolved": "http://registry.npmjs.org/through2/-/through2-0.6.5.tgz",
      "integrity": "sha1-QaucZ7KdVyCQcUEOHXp6lozTrUg=",
      "dev": true,
      "requires": {
        "readable-stream": ">=1.0.33-1 <1.1.0-0",
        "xtend": ">=4.0.0 <4.1.0-0"
      },
      "dependencies": {
        "xtend": {
          "version": "4.0.1",
          "resolved": "https://registry.npmjs.org/xtend/-/xtend-4.0.1.tgz",
          "integrity": "sha1-pcbVMr5lbiPbgg77lDofBJmNY68=",
          "dev": true
        }
      }
    },
    "typescript": {
      "version": "3.1.6",
      "resolved": "https://registry.npmjs.org/typescript/-/typescript-3.1.6.tgz",
      "integrity": "sha512-tDMYfVtvpb96msS1lDX9MEdHrW4yOuZ4Kdc4Him9oU796XldPYF/t2+uKoX0BBa0hXXwDlqYQbXY5Rzjzc5hBA==",
      "dev": true
    },
    "wrappy": {
      "version": "1.0.2",
      "resolved": "https://registry.npmjs.org/wrappy/-/wrappy-1.0.2.tgz",
      "integrity": "sha1-tSQ9jz7BqjXxNkYFvA0QNuMKtp8=",
      "dev": true
    },
    "xtend": {
      "version": "2.2.0",
      "resolved": "https://registry.npmjs.org/xtend/-/xtend-2.2.0.tgz",
      "integrity": "sha1-7vax8ZjByN6vrYsXZaBNrUoBxak=",
      "dev": true
    }
  }
}
